// !$*UTF8*$!
{
	archiveVersion = 1;
	classes = {
	};
	objectVersion = 56;
	objects = {

/* Begin PBXBuildFile section */
		EE87BA322C7B906F000BDD3B /* SwiftUIDemoApp.swift in Sources */ = {isa = PBXBuildFile; fileRef = EE87BA312C7B906F000BDD3B /* SwiftUIDemoApp.swift */; };
		EE87BA342C7B906F000BDD3B /* ContentView.swift in Sources */ = {isa = PBXBuildFile; fileRef = EE87BA332C7B906F000BDD3B /* ContentView.swift */; };
		EE87BA362C7B9070000BDD3B /* Assets.xcassets in Resources */ = {isa = PBXBuildFile; fileRef = EE87BA352C7B9070000BDD3B /* Assets.xcassets */; };
		EE87BA392C7B9070000BDD3B /* Preview Assets.xcassets in Resources */ = {isa = PBXBuildFile; fileRef = EE87BA382C7B9070000BDD3B /* Preview Assets.xcassets */; };
		EE87BA432C7B9070000BDD3B /* SwiftUIDemoTests.swift in Sources */ = {isa = PBXBuildFile; fileRef = EE87BA422C7B9070000BDD3B /* SwiftUIDemoTests.swift */; };
		EE87BA4D2C7B9070000BDD3B /* SwiftUIDemoUITests.swift in Sources */ = {isa = PBXBuildFile; fileRef = EE87BA4C2C7B9070000BDD3B /* SwiftUIDemoUITests.swift */; };
		EE87BA4F2C7B9070000BDD3B /* SwiftUIDemoUITestsLaunchTests.swift in Sources */ = {isa = PBXBuildFile; fileRef = EE87BA4E2C7B9070000BDD3B /* SwiftUIDemoUITestsLaunchTests.swift */; };
/* End PBXBuildFile section */

/* Begin PBXContainerItemProxy section */
		EE87BA3F2C7B9070000BDD3B /* PBXContainerItemProxy */ = {
			isa = PBXContainerItemProxy;
			containerPortal = EE87BA262C7B906F000BDD3B /* Project object */;
			proxyType = 1;
			remoteGlobalIDString = EE87BA2D2C7B906F000BDD3B;
			remoteInfo = SwiftUIDemo;
		};
		EE87BA492C7B9070000BDD3B /* PBXContainerItemProxy */ = {
			isa = PBXContainerItemProxy;
			containerPortal = EE87BA262C7B906F000BDD3B /* Project object */;
			proxyType = 1;
			remoteGlobalIDString = EE87BA2D2C7B906F000BDD3B;
			remoteInfo = SwiftUIDemo;
		};
/* End PBXContainerItemProxy section */

/* Begin PBXFileReference section */
		EE87BA2E2C7B906F000BDD3B /* SwiftUIDemo.app */ = {isa = PBXFileReference; explicitFileType = wrapper.application; includeInIndex = 0; path = SwiftUIDemo.app; sourceTree = BUILT_PRODUCTS_DIR; };
		EE87BA312C7B906F000BDD3B /* SwiftUIDemoApp.swift */ = {isa = PBXFileReference; lastKnownFileType = sourcecode.swift; path = SwiftUIDemoApp.swift; sourceTree = "<group>"; };
		EE87BA332C7B906F000BDD3B /* ContentView.swift */ = {isa = PBXFileReference; lastKnownFileType = sourcecode.swift; path = ContentView.swift; sourceTree = "<group>"; };
		EE87BA352C7B9070000BDD3B /* Assets.xcassets */ = {isa = PBXFileReference; lastKnownFileType = folder.assetcatalog; path = Assets.xcassets; sourceTree = "<group>"; };
		EE87BA382C7B9070000BDD3B /* Preview Assets.xcassets */ = {isa = PBXFileReference; lastKnownFileType = folder.assetcatalog; path = "Preview Assets.xcassets"; sourceTree = "<group>"; };
		EE87BA3E2C7B9070000BDD3B /* SwiftUIDemoTests.xctest */ = {isa = PBXFileReference; explicitFileType = wrapper.cfbundle; includeInIndex = 0; path = SwiftUIDemoTests.xctest; sourceTree = BUILT_PRODUCTS_DIR; };
		EE87BA422C7B9070000BDD3B /* SwiftUIDemoTests.swift */ = {isa = PBXFileReference; lastKnownFileType = sourcecode.swift; path = SwiftUIDemoTests.swift; sourceTree = "<group>"; };
		EE87BA482C7B9070000BDD3B /* SwiftUIDemoUITests.xctest */ = {isa = PBXFileReference; explicitFileType = wrapper.cfbundle; includeInIndex = 0; path = SwiftUIDemoUITests.xctest; sourceTree = BUILT_PRODUCTS_DIR; };
		EE87BA4C2C7B9070000BDD3B /* SwiftUIDemoUITests.swift */ = {isa = PBXFileReference; lastKnownFileType = sourcecode.swift; path = SwiftUIDemoUITests.swift; sourceTree = "<group>"; };
		EE87BA4E2C7B9070000BDD3B /* SwiftUIDemoUITestsLaunchTests.swift */ = {isa = PBXFileReference; lastKnownFileType = sourcecode.swift; path = SwiftUIDemoUITestsLaunchTests.swift; sourceTree = "<group>"; };
/* End PBXFileReference section */

/* Begin PBXFrameworksBuildPhase section */
		EE87BA2B2C7B906F000BDD3B /* Frameworks */ = {
			isa = PBXFrameworksBuildPhase;
			buildActionMask = 2147483647;
			files = (
			);
			runOnlyForDeploymentPostprocessing = 0;
		};
		EE87BA3B2C7B9070000BDD3B /* Frameworks */ = {
			isa = PBXFrameworksBuildPhase;
			buildActionMask = 2147483647;
			files = (
			);
			runOnlyForDeploymentPostprocessing = 0;
		};
		EE87BA452C7B9070000BDD3B /* Frameworks */ = {
			isa = PBXFrameworksBuildPhase;
			buildActionMask = 2147483647;
			files = (
			);
			runOnlyForDeploymentPostprocessing = 0;
		};
/* End PBXFrameworksBuildPhase section */

/* Begin PBXGroup section */
		EE87BA252C7B906F000BDD3B = {
			isa = PBXGroup;
			children = (
				EE87BA302C7B906F000BDD3B /* SwiftUIDemo */,
				EE87BA412C7B9070000BDD3B /* SwiftUIDemoTests */,
				EE87BA4B2C7B9070000BDD3B /* SwiftUIDemoUITests */,
				EE87BA2F2C7B906F000BDD3B /* Products */,
			);
			sourceTree = "<group>";
		};
		EE87BA2F2C7B906F000BDD3B /* Products */ = {
			isa = PBXGroup;
			children = (
				EE87BA2E2C7B906F000BDD3B /* SwiftUIDemo.app */,
				EE87BA3E2C7B9070000BDD3B /* SwiftUIDemoTests.xctest */,
				EE87BA482C7B9070000BDD3B /* SwiftUIDemoUITests.xctest */,
			);
			name = Products;
			sourceTree = "<group>";
		};
		EE87BA302C7B906F000BDD3B /* SwiftUIDemo */ = {
			isa = PBXGroup;
			children = (
				EE87BA312C7B906F000BDD3B /* SwiftUIDemoApp.swift */,
				EE87BA332C7B906F000BDD3B /* ContentView.swift */,
				EE87BA352C7B9070000BDD3B /* Assets.xcassets */,
				EE87BA372C7B9070000BDD3B /* Preview Content */,
			);
			path = SwiftUIDemo;
			sourceTree = "<group>";
		};
		EE87BA372C7B9070000BDD3B /* Preview Content */ = {
			isa = PBXGroup;
			children = (
				EE87BA382C7B9070000BDD3B /* Preview Assets.xcassets */,
			);
			path = "Preview Content";
			sourceTree = "<group>";
		};
		EE87BA412C7B9070000BDD3B /* SwiftUIDemoTests */ = {
			isa = PBXGroup;
			children = (
				EE87BA422C7B9070000BDD3B /* SwiftUIDemoTests.swift */,
			);
			path = SwiftUIDemoTests;
			sourceTree = "<group>";
		};
		EE87BA4B2C7B9070000BDD3B /* SwiftUIDemoUITests */ = {
			isa = PBXGroup;
			children = (
				EE87BA4C2C7B9070000BDD3B /* SwiftUIDemoUITests.swift */,
				EE87BA4E2C7B9070000BDD3B /* SwiftUIDemoUITestsLaunchTests.swift */,
			);
			path = SwiftUIDemoUITests;
			sourceTree = "<group>";
		};
/* End PBXGroup section */

/* Begin PBXNativeTarget section */
		EE87BA2D2C7B906F000BDD3B /* SwiftUIDemo */ = {
			isa = PBXNativeTarget;
			buildConfigurationList = EE87BA522C7B9070000BDD3B /* Build configuration list for PBXNativeTarget "SwiftUIDemo" */;
			buildPhases = (
				EE87BA2A2C7B906F000BDD3B /* Sources */,
				EE87BA2B2C7B906F000BDD3B /* Frameworks */,
				EE87BA2C2C7B906F000BDD3B /* Resources */,
			);
			buildRules = (
			);
			dependencies = (
			);
			name = SwiftUIDemo;
			productName = SwiftUIDemo;
			productReference = EE87BA2E2C7B906F000BDD3B /* SwiftUIDemo.app */;
			productType = "com.apple.product-type.application";
		};
		EE87BA3D2C7B9070000BDD3B /* SwiftUIDemoTests */ = {
			isa = PBXNativeTarget;
			buildConfigurationList = EE87BA552C7B9070000BDD3B /* Build configuration list for PBXNativeTarget "SwiftUIDemoTests" */;
			buildPhases = (
				EE87BA3A2C7B9070000BDD3B /* Sources */,
				EE87BA3B2C7B9070000BDD3B /* Frameworks */,
				EE87BA3C2C7B9070000BDD3B /* Resources */,
			);
			buildRules = (
			);
			dependencies = (
				EE87BA402C7B9070000BDD3B /* PBXTargetDependency */,
			);
			name = SwiftUIDemoTests;
			productName = SwiftUIDemoTests;
			productReference = EE87BA3E2C7B9070000BDD3B /* SwiftUIDemoTests.xctest */;
			productType = "com.apple.product-type.bundle.unit-test";
		};
		EE87BA472C7B9070000BDD3B /* SwiftUIDemoUITests */ = {
			isa = PBXNativeTarget;
			buildConfigurationList = EE87BA582C7B9070000BDD3B /* Build configuration list for PBXNativeTarget "SwiftUIDemoUITests" */;
			buildPhases = (
				EE87BA442C7B9070000BDD3B /* Sources */,
				EE87BA452C7B9070000BDD3B /* Frameworks */,
				EE87BA462C7B9070000BDD3B /* Resources */,
			);
			buildRules = (
			);
			dependencies = (
				EE87BA4A2C7B9070000BDD3B /* PBXTargetDependency */,
			);
			name = SwiftUIDemoUITests;
			productName = SwiftUIDemoUITests;
			productReference = EE87BA482C7B9070000BDD3B /* SwiftUIDemoUITests.xctest */;
			productType = "com.apple.product-type.bundle.ui-testing";
		};
/* End PBXNativeTarget section */

/* Begin PBXProject section */
		EE87BA262C7B906F000BDD3B /* Project object */ = {
			isa = PBXProject;
			attributes = {
				BuildIndependentTargetsInParallel = 1;
				LastSwiftUpdateCheck = 1540;
				LastUpgradeCheck = 1540;
				TargetAttributes = {
					EE87BA2D2C7B906F000BDD3B = {
						CreatedOnToolsVersion = 15.4;
					};
					EE87BA3D2C7B9070000BDD3B = {
						CreatedOnToolsVersion = 15.4;
						TestTargetID = EE87BA2D2C7B906F000BDD3B;
					};
					EE87BA472C7B9070000BDD3B = {
						CreatedOnToolsVersion = 15.4;
						TestTargetID = EE87BA2D2C7B906F000BDD3B;
					};
				};
			};
			buildConfigurationList = EE87BA292C7B906F000BDD3B /* Build configuration list for PBXProject "SwiftUIDemo" */;
			compatibilityVersion = "Xcode 14.0";
			developmentRegion = en;
			hasScannedForEncodings = 0;
			knownRegions = (
				en,
				Base,
			);
			mainGroup = EE87BA252C7B906F000BDD3B;
			productRefGroup = EE87BA2F2C7B906F000BDD3B /* Products */;
			projectDirPath = "";
			projectRoot = "";
			targets = (
				EE87BA2D2C7B906F000BDD3B /* SwiftUIDemo */,
				EE87BA3D2C7B9070000BDD3B /* SwiftUIDemoTests */,
				EE87BA472C7B9070000BDD3B /* SwiftUIDemoUITests */,
			);
		};
/* End PBXProject section */

/* Begin PBXResourcesBuildPhase section */
		EE87BA2C2C7B906F000BDD3B /* Resources */ = {
			isa = PBXResourcesBuildPhase;
			buildActionMask = 2147483647;
			files = (
				EE87BA392C7B9070000BDD3B /* Preview Assets.xcassets in Resources */,
				EE87BA362C7B9070000BDD3B /* Assets.xcassets in Resources */,
			);
			runOnlyForDeploymentPostprocessing = 0;
		};
		EE87BA3C2C7B9070000BDD3B /* Resources */ = {
			isa = PBXResourcesBuildPhase;
			buildActionMask = 2147483647;
			files = (
			);
			runOnlyForDeploymentPostprocessing = 0;
		};
		EE87BA462C7B9070000BDD3B /* Resources */ = {
			isa = PBXResourcesBuildPhase;
			buildActionMask = 2147483647;
			files = (
			);
			runOnlyForDeploymentPostprocessing = 0;
		};
/* End PBXResourcesBuildPhase section */

/* Begin PBXSourcesBuildPhase section */
		EE87BA2A2C7B906F000BDD3B /* Sources */ = {
			isa = PBXSourcesBuildPhase;
			buildActionMask = 2147483647;
			files = (
				EE87BA342C7B906F000BDD3B /* ContentView.swift in Sources */,
				EE87BA322C7B906F000BDD3B /* SwiftUIDemoApp.swift in Sources */,
			);
			runOnlyForDeploymentPostprocessing = 0;
		};
		EE87BA3A2C7B9070000BDD3B /* Sources */ = {
			isa = PBXSourcesBuildPhase;
			buildActionMask = 2147483647;
			files = (
				EE87BA432C7B9070000BDD3B /* SwiftUIDemoTests.swift in Sources */,
			);
			runOnlyForDeploymentPostprocessing = 0;
		};
		EE87BA442C7B9070000BDD3B /* Sources */ = {
			isa = PBXSourcesBuildPhase;
			buildActionMask = 2147483647;
			files = (
				EE87BA4D2C7B9070000BDD3B /* SwiftUIDemoUITests.swift in Sources */,
				EE87BA4F2C7B9070000BDD3B /* SwiftUIDemoUITestsLaunchTests.swift in Sources */,
			);
			runOnlyForDeploymentPostprocessing = 0;
		};
/* End PBXSourcesBuildPhase section */

/* Begin PBXTargetDependency section */
		EE87BA402C7B9070000BDD3B /* PBXTargetDependency */ = {
			isa = PBXTargetDependency;
			target = EE87BA2D2C7B906F000BDD3B /* SwiftUIDemo */;
			targetProxy = EE87BA3F2C7B9070000BDD3B /* PBXContainerItemProxy */;
		};
		EE87BA4A2C7B9070000BDD3B /* PBXTargetDependency */ = {
			isa = PBXTargetDependency;
			target = EE87BA2D2C7B906F000BDD3B /* SwiftUIDemo */;
			targetProxy = EE87BA492C7B9070000BDD3B /* PBXContainerItemProxy */;
		};
/* End PBXTargetDependency section */

/* Begin XCBuildConfiguration section */
		EE87BA502C7B9070000BDD3B /* Debug */ = {
			isa = XCBuildConfiguration;
			buildSettings = {
				ALWAYS_SEARCH_USER_PATHS = NO;
				ASSETCATALOG_COMPILER_GENERATE_SWIFT_ASSET_SYMBOL_EXTENSIONS = YES;
				CLANG_ANALYZER_NONNULL = YES;
				CLANG_ANALYZER_NUMBER_OBJECT_CONVERSION = YES_AGGRESSIVE;
				CLANG_CXX_LANGUAGE_STANDARD = "gnu++20";
				CLANG_ENABLE_MODULES = YES;
				CLANG_ENABLE_OBJC_ARC = YES;
				CLANG_ENABLE_OBJC_WEAK = YES;
				CLANG_WARN_BLOCK_CAPTURE_AUTORELEASING = YES;
				CLANG_WARN_BOOL_CONVERSION = YES;
				CLANG_WARN_COMMA = YES;
				CLANG_WARN_CONSTANT_CONVERSION = YES;
				CLANG_WARN_DEPRECATED_OBJC_IMPLEMENTATIONS = YES;
				CLANG_WARN_DIRECT_OBJC_ISA_USAGE = YES_ERROR;
				CLANG_WARN_DOCUMENTATION_COMMENTS = YES;
				CLANG_WARN_EMPTY_BODY = YES;
				CLANG_WARN_ENUM_CONVERSION = YES;
				CLANG_WARN_INFINITE_RECURSION = YES;
				CLANG_WARN_INT_CONVERSION = YES;
				CLANG_WARN_NON_LITERAL_NULL_CONVERSION = YES;
				CLANG_WARN_OBJC_IMPLICIT_RETAIN_SELF = YES;
				CLANG_WARN_OBJC_LITERAL_CONVERSION = YES;
				CLANG_WARN_OBJC_ROOT_CLASS = YES_ERROR;
				CLANG_WARN_QUOTED_INCLUDE_IN_FRAMEWORK_HEADER = YES;
				CLANG_WARN_RANGE_LOOP_ANALYSIS = YES;
				CLANG_WARN_STRICT_PROTOTYPES = YES;
				CLANG_WARN_SUSPICIOUS_MOVE = YES;
				CLANG_WARN_UNGUARDED_AVAILABILITY = YES_AGGRESSIVE;
				CLANG_WARN_UNREACHABLE_CODE = YES;
				CLANG_WARN__DUPLICATE_METHOD_MATCH = YES;
				COPY_PHASE_STRIP = NO;
				DEBUG_INFORMATION_FORMAT = dwarf;
				ENABLE_STRICT_OBJC_MSGSEND = YES;
				ENABLE_TESTABILITY = YES;
				ENABLE_USER_SCRIPT_SANDBOXING = YES;
				GCC_C_LANGUAGE_STANDARD = gnu17;
				GCC_DYNAMIC_NO_PIC = NO;
				GCC_NO_COMMON_BLOCKS = YES;
				GCC_OPTIMIZATION_LEVEL = 0;
				GCC_PREPROCESSOR_DEFINITIONS = (
					"DEBUG=1",
					"$(inherited)",
				);
				GCC_WARN_64_TO_32_BIT_CONVERSION = YES;
				GCC_WARN_ABOUT_RETURN_TYPE = YES_ERROR;
				GCC_WARN_UNDECLARED_SELECTOR = YES;
				GCC_WARN_UNINITIALIZED_AUTOS = YES_AGGRESSIVE;
				GCC_WARN_UNUSED_FUNCTION = YES;
				GCC_WARN_UNUSED_VARIABLE = YES;
				IPHONEOS_DEPLOYMENT_TARGET = 17.5;
				LOCALIZATION_PREFERS_STRING_CATALOGS = YES;
				MTL_ENABLE_DEBUG_INFO = INCLUDE_SOURCE;
				MTL_FAST_MATH = YES;
				ONLY_ACTIVE_ARCH = YES;
				SDKROOT = iphoneos;
				SWIFT_ACTIVE_COMPILATION_CONDITIONS = "DEBUG $(inherited)";
				SWIFT_OPTIMIZATION_LEVEL = "-Onone";
			};
			name = Debug;
		};
		EE87BA512C7B9070000BDD3B /* Release */ = {
			isa = XCBuildConfiguration;
			buildSettings = {
				ALWAYS_SEARCH_USER_PATHS = NO;
				ASSETCATALOG_COMPILER_GENERATE_SWIFT_ASSET_SYMBOL_EXTENSIONS = YES;
				CLANG_ANALYZER_NONNULL = YES;
				CLANG_ANALYZER_NUMBER_OBJECT_CONVERSION = YES_AGGRESSIVE;
				CLANG_CXX_LANGUAGE_STANDARD = "gnu++20";
				CLANG_ENABLE_MODULES = YES;
				CLANG_ENABLE_OBJC_ARC = YES;
				CLANG_ENABLE_OBJC_WEAK = YES;
				CLANG_WARN_BLOCK_CAPTURE_AUTORELEASING = YES;
				CLANG_WARN_BOOL_CONVERSION = YES;
				CLANG_WARN_COMMA = YES;
				CLANG_WARN_CONSTANT_CONVERSION = YES;
				CLANG_WARN_DEPRECATED_OBJC_IMPLEMENTATIONS = YES;
				CLANG_WARN_DIRECT_OBJC_ISA_USAGE = YES_ERROR;
				CLANG_WARN_DOCUMENTATION_COMMENTS = YES;
				CLANG_WARN_EMPTY_BODY = YES;
				CLANG_WARN_ENUM_CONVERSION = YES;
				CLANG_WARN_INFINITE_RECURSION = YES;
				CLANG_WARN_INT_CONVERSION = YES;
				CLANG_WARN_NON_LITERAL_NULL_CONVERSION = YES;
				CLANG_WARN_OBJC_IMPLICIT_RETAIN_SELF = YES;
				CLANG_WARN_OBJC_LITERAL_CONVERSION = YES;
				CLANG_WARN_OBJC_ROOT_CLASS = YES_ERROR;
				CLANG_WARN_QUOTED_INCLUDE_IN_FRAMEWORK_HEADER = YES;
				CLANG_WARN_RANGE_LOOP_ANALYSIS = YES;
				CLANG_WARN_STRICT_PROTOTYPES = YES;
				CLANG_WARN_SUSPICIOUS_MOVE = YES;
				CLANG_WARN_UNGUARDED_AVAILABILITY = YES_AGGRESSIVE;
				CLANG_WARN_UNREACHABLE_CODE = YES;
				CLANG_WARN__DUPLICATE_METHOD_MATCH = YES;
				COPY_PHASE_STRIP = NO;
				DEBUG_INFORMATION_FORMAT = "dwarf-with-dsym";
				ENABLE_NS_ASSERTIONS = NO;
				ENABLE_STRICT_OBJC_MSGSEND = YES;
				ENABLE_USER_SCRIPT_SANDBOXING = YES;
				GCC_C_LANGUAGE_STANDARD = gnu17;
				GCC_NO_COMMON_BLOCKS = YES;
				GCC_WARN_64_TO_32_BIT_CONVERSION = YES;
				GCC_WARN_ABOUT_RETURN_TYPE = YES_ERROR;
				GCC_WARN_UNDECLARED_SELECTOR = YES;
				GCC_WARN_UNINITIALIZED_AUTOS = YES_AGGRESSIVE;
				GCC_WARN_UNUSED_FUNCTION = YES;
				GCC_WARN_UNUSED_VARIABLE = YES;
				IPHONEOS_DEPLOYMENT_TARGET = 17.5;
				LOCALIZATION_PREFERS_STRING_CATALOGS = YES;
				MTL_ENABLE_DEBUG_INFO = NO;
				MTL_FAST_MATH = YES;
				SDKROOT = iphoneos;
				SWIFT_COMPILATION_MODE = wholemodule;
				VALIDATE_PRODUCT = YES;
			};
			name = Release;
		};
		EE87BA532C7B9070000BDD3B /* Debug */ = {
			isa = XCBuildConfiguration;
			buildSettings = {
				ASSETCATALOG_COMPILER_APPICON_NAME = AppIcon;
				ASSETCATALOG_COMPILER_GLOBAL_ACCENT_COLOR_NAME = AccentColor;
				CODE_SIGN_STYLE = Automatic;
				CURRENT_PROJECT_VERSION = 1;
				DEVELOPMENT_ASSET_PATHS = "\"SwiftUIDemo/Preview Content\"";
				ENABLE_PREVIEWS = YES;
				GENERATE_INFOPLIST_FILE = YES;
				INFOPLIST_KEY_UIApplicationSceneManifest_Generation = YES;
				INFOPLIST_KEY_UIApplicationSupportsIndirectInputEvents = YES;
				INFOPLIST_KEY_UILaunchScreen_Generation = YES;
				INFOPLIST_KEY_UISupportedInterfaceOrientations_iPad = "UIInterfaceOrientationPortrait UIInterfaceOrientationPortraitUpsideDown UIInterfaceOrientationLandscapeLeft UIInterfaceOrientationLandscapeRight";
				INFOPLIST_KEY_UISupportedInterfaceOrientations_iPhone = "UIInterfaceOrientationPortrait UIInterfaceOrientationLandscapeLeft UIInterfaceOrientationLandscapeRight";
				LD_RUNPATH_SEARCH_PATHS = (
					"$(inherited)",
					"@executable_path/Frameworks",
				);
				MARKETING_VERSION = 1.0;
				PRODUCT_BUNDLE_IDENTIFIER = com.demo.SwiftUIDemo;
				PRODUCT_NAME = "$(TARGET_NAME)";
				SWIFT_EMIT_LOC_STRINGS = YES;
				SWIFT_VERSION = 5.0;
				TARGETED_DEVICE_FAMILY = "1,2";
			};
			name = Debug;
		};
		EE87BA542C7B9070000BDD3B /* Release */ = {
			isa = XCBuildConfiguration;
			buildSettings = {
				ASSETCATALOG_COMPILER_APPICON_NAME = AppIcon;
				ASSETCATALOG_COMPILER_GLOBAL_ACCENT_COLOR_NAME = AccentColor;
				CODE_SIGN_STYLE = Automatic;
				CURRENT_PROJECT_VERSION = 1;
				DEVELOPMENT_ASSET_PATHS = "\"SwiftUIDemo/Preview Content\"";
				ENABLE_PREVIEWS = YES;
				GENERATE_INFOPLIST_FILE = YES;
				INFOPLIST_KEY_UIApplicationSceneManifest_Generation = YES;
				INFOPLIST_KEY_UIApplicationSupportsIndirectInputEvents = YES;
				INFOPLIST_KEY_UILaunchScreen_Generation = YES;
				INFOPLIST_KEY_UISupportedInterfaceOrientations_iPad = "UIInterfaceOrientationPortrait UIInterfaceOrientationPortraitUpsideDown UIInterfaceOrientationLandscapeLeft UIInterfaceOrientationLandscapeRight";
				INFOPLIST_KEY_UISupportedInterfaceOrientations_iPhone = "UIInterfaceOrientationPortrait UIInterfaceOrientationLandscapeLeft UIInterfaceOrientationLandscapeRight";
				LD_RUNPATH_SEARCH_PATHS = (
					"$(inherited)",
					"@executable_path/Frameworks",
				);
				MARKETING_VERSION = 1.0;
				PRODUCT_BUNDLE_IDENTIFIER = com.demo.SwiftUIDemo;
				PRODUCT_NAME = "$(TARGET_NAME)";
				SWIFT_EMIT_LOC_STRINGS = YES;
				SWIFT_VERSION = 5.0;
				TARGETED_DEVICE_FAMILY = "1,2";
			};
			name = Release;
		};
		EE87BA562C7B9070000BDD3B /* Debug */ = {
			isa = XCBuildConfiguration;
			buildSettings = {
				ALWAYS_EMBED_SWIFT_STANDARD_LIBRARIES = YES;
				BUNDLE_LOADER = "$(TEST_HOST)";
				CODE_SIGN_STYLE = Automatic;
				CURRENT_PROJECT_VERSION = 1;
				GENERATE_INFOPLIST_FILE = YES;
				IPHONEOS_DEPLOYMENT_TARGET = 17.5;
				MARKETING_VERSION = 1.0;
				PRODUCT_BUNDLE_IDENTIFIER = com.demo.SwiftUIDemoTests;
				PRODUCT_NAME = "$(TARGET_NAME)";
				SWIFT_EMIT_LOC_STRINGS = NO;
				SWIFT_VERSION = 5.0;
				TARGETED_DEVICE_FAMILY = "1,2";
				TEST_HOST = "$(BUILT_PRODUCTS_DIR)/SwiftUIDemo.app/$(BUNDLE_EXECUTABLE_FOLDER_PATH)/SwiftUIDemo";
			};
			name = Debug;
		};
		EE87BA572C7B9070000BDD3B /* Release */ = {
			isa = XCBuildConfiguration;
			buildSettings = {
				ALWAYS_EMBED_SWIFT_STANDARD_LIBRARIES = YES;
				BUNDLE_LOADER = "$(TEST_HOST)";
				CODE_SIGN_STYLE = Automatic;
				CURRENT_PROJECT_VERSION = 1;
				GENERATE_INFOPLIST_FILE = YES;
				IPHONEOS_DEPLOYMENT_TARGET = 17.5;
				MARKETING_VERSION = 1.0;
				PRODUCT_BUNDLE_IDENTIFIER = com.demo.SwiftUIDemoTests;
				PRODUCT_NAME = "$(TARGET_NAME)";
				SWIFT_EMIT_LOC_STRINGS = NO;
				SWIFT_VERSION = 5.0;
				TARGETED_DEVICE_FAMILY = "1,2";
				TEST_HOST = "$(BUILT_PRODUCTS_DIR)/SwiftUIDemo.app/$(BUNDLE_EXECUTABLE_FOLDER_PATH)/SwiftUIDemo";
			};
			name = Release;
		};
		EE87BA592C7B9070000BDD3B /* Debug */ = {
			isa = XCBuildConfiguration;
			buildSettings = {
				ALWAYS_EMBED_SWIFT_STANDARD_LIBRARIES = YES;
				CODE_SIGN_STYLE = Automatic;
				CURRENT_PROJECT_VERSION = 1;
				GENERATE_INFOPLIST_FILE = YES;
				MARKETING_VERSION = 1.0;
				PRODUCT_BUNDLE_IDENTIFIER = com.demo.SwiftUIDemoUITests;
				PRODUCT_NAME = "$(TARGET_NAME)";
				SWIFT_EMIT_LOC_STRINGS = NO;
				SWIFT_VERSION = 5.0;
				TARGETED_DEVICE_FAMILY = "1,2";
				TEST_TARGET_NAME = SwiftUIDemo;
			};
			name = Debug;
		};
		EE87BA5A2C7B9070000BDD3B /* Release */ = {
			isa = XCBuildConfiguration;
			buildSettings = {
				ALWAYS_EMBED_SWIFT_STANDARD_LIBRARIES = YES;
				CODE_SIGN_STYLE = Automatic;
				CURRENT_PROJECT_VERSION = 1;
				GENERATE_INFOPLIST_FILE = YES;
				MARKETING_VERSION = 1.0;
				PRODUCT_BUNDLE_IDENTIFIER = com.demo.SwiftUIDemoUITests;
				PRODUCT_NAME = "$(TARGET_NAME)";
				SWIFT_EMIT_LOC_STRINGS = NO;
				SWIFT_VERSION = 5.0;
				TARGETED_DEVICE_FAMILY = "1,2";
				TEST_TARGET_NAME = SwiftUIDemo;
			};
			name = Release;
		};
/* End XCBuildConfiguration section */

/* Begin XCConfigurationList section */
		EE87BA292C7B906F000BDD3B /* Build configuration list for PBXProject "SwiftUIDemo" */ = {
			isa = XCConfigurationList;
			buildConfigurations = (
				EE87BA502C7B9070000BDD3B /* Debug */,
				EE87BA512C7B9070000BDD3B /* Release */,
			);
			defaultConfigurationIsVisible = 0;
			defaultConfigurationName = Release;
		};
		EE87BA522C7B9070000BDD3B /* Build configuration list for PBXNativeTarget "SwiftUIDemo" */ = {
			isa = XCConfigurationList;
			buildConfigurations = (
				EE87BA532C7B9070000BDD3B /* Debug */,
				EE87BA542C7B9070000BDD3B /* Release */,
			);
			defaultConfigurationIsVisible = 0;
			defaultConfigurationName = Release;
		};
		EE87BA552C7B9070000BDD3B /* Build configuration list for PBXNativeTarget "SwiftUIDemoTests" */ = {
			isa = XCConfigurationList;
			buildConfigurations = (
				EE87BA562C7B9070000BDD3B /* Debug */,
				EE87BA572C7B9070000BDD3B /* Release */,
			);
			defaultConfigurationIsVisible = 0;
			defaultConfigurationName = Release;
		};
		EE87BA582C7B9070000BDD3B /* Build configuration list for PBXNativeTarget "SwiftUIDemoUITests" */ = {
			isa = XCConfigurationList;
			buildConfigurations = (
				EE87BA592C7B9070000BDD3B /* Debug */,
				EE87BA5A2C7B9070000BDD3B /* Release */,
			);
			defaultConfigurationIsVisible = 0;
			defaultConfigurationName = Release;
		};
/* End XCConfigurationList section */
	};
	rootObject = EE87BA262C7B906F000BDD3B /* Project object */;
}
